
Microsoft Visual Studio Solution File, Format Version 12.00
# Visual Studio Version 17
VisualStudioVersion = 17.12.35527.113
MinimumVisualStudioVersion = 10.0.40219.1
Project("{9A19103F-16F7-4668-BE54-9A1E7A4F7556}") = "RentnRoll", "RentnRoll.csproj", "{9B775CAF-16CF-43FD-BB20-CEEBA5CB1BC7}"
EndProject
Global
	GlobalSection(SolutionConfigurationPlatforms) = preSolution
		Debug|Any CPU = Debug|Any CPU
		Release|Any CPU = Release|Any CPU
	EndGlobalSection
	GlobalSection(ProjectConfigurationPlatforms) = postSolution
		{9B775CAF-16CF-43FD-BB20-CEEBA5CB1BC7}.Debug|Any CPU.ActiveCfg = Debug|Any CPU
		{9B775CAF-16CF-43FD-BB20-CEEBA5CB1BC7}.Debug|Any CPU.Build.0 = Debug|Any CPU
		{9B775CAF-16CF-43FD-BB20-CEEBA5CB1BC7}.Release|Any CPU.ActiveCfg = Release|Any CPU
		{9B775CAF-16CF-43FD-BB20-CEEBA5CB1BC7}.Release|Any CPU.Build.0 = Release|Any CPU
	EndGlobalSection
	GlobalSection(SolutionProperties) = preSolution
		HideSolutionNode = FALSE
	EndGlobalSection
	GlobalSection(ExtensibilityGlobals) = postSolution
		SolutionGuid = {DE6FE7D1-84D9-4708-9E79-818F968491D2}
	EndGlobalSection
EndGlobal
